
Microsoft Visual Studio Solution File, Format Version 12.00
# Visual Studio Version 17
VisualStudioVersion = 17.11.35222.181
MinimumVisualStudioVersion = 10.0.40219.1
Project("{FAE04EC0-301F-11D3-BF4B-00C04F79EFBC}") = "MongoDBDemo", "MongoDBDemo.csproj", "{9A1443A7-4B0A-4C5A-B433-06B4B1993665}"
EndProject
Global
	GlobalSection(SolutionConfigurationPlatforms) = preSolution
		Debug|Any CPU = Debug|Any CPU
		Release|Any CPU = Release|Any CPU
	EndGlobalSection
	GlobalSection(ProjectConfigurationPlatforms) = postSolution
		{9A1443A7-4B0A-4C5A-B433-06B4B1993665}.Debug|Any CPU.ActiveCfg = Debug|Any CPU
		{9A1443A7-4B0A-4C5A-B433-06B4B1993665}.Debug|Any CPU.Build.0 = Debug|Any CPU
		{9A1443A7-4B0A-4C5A-B433-06B4B1993665}.Release|Any CPU.ActiveCfg = Release|Any CPU
		{9A1443A7-4B0A-4C5A-B433-06B4B1993665}.Release|Any CPU.Build.0 = Release|Any CPU
	EndGlobalSection
	GlobalSection(SolutionProperties) = preSolution
		HideSolutionNode = FALSE
	EndGlobalSection
	GlobalSection(ExtensibilityGlobals) = postSolution
		SolutionGuid = {DF82F14A-57C8-45CA-83E4-B9D5E341B2D5}
	EndGlobalSection
EndGlobal
